// !$*UTF8*$!
{
	archiveVersion = 1;
	classes = {
	};
	objectVersion = 50;
	objects = {

/* Begin PBXBuildFile section */
		539002BD22A8FA4400AC08A1 /* AppDelegate.swift in Sources */ = {isa = PBXBuildFile; fileRef = 539002BC22A8FA4400AC08A1 /* AppDelegate.swift */; };
		539002BF22A8FA4400AC08A1 /* SceneDelegate.swift in Sources */ = {isa = PBXBuildFile; fileRef = 539002BE22A8FA4400AC08A1 /* SceneDelegate.swift */; };
		539002C122A8FA4400AC08A1 /* ContentView.swift in Sources */ = {isa = PBXBuildFile; fileRef = 539002C022A8FA4400AC08A1 /* ContentView.swift */; };
		539002C322A8FA4600AC08A1 /* Assets.xcassets in Resources */ = {isa = PBXBuildFile; fileRef = 539002C222A8FA4600AC08A1 /* Assets.xcassets */; };
		539002C622A8FA4600AC08A1 /* Preview Assets.xcassets in Resources */ = {isa = PBXBuildFile; fileRef = 539002C522A8FA4600AC08A1 /* Preview Assets.xcassets */; };
		539002C922A8FA4600AC08A1 /* LaunchScreen.storyboard in Resources */ = {isa = PBXBuildFile; fileRef = 539002C722A8FA4600AC08A1 /* LaunchScreen.storyboard */; };
		539002D422A8FA4600AC08A1 /* UISwiftHelloWorldTests.swift in Sources */ = {isa = PBXBuildFile; fileRef = 539002D322A8FA4600AC08A1 /* UISwiftHelloWorldTests.swift */; };
		539002DF22A8FA4600AC08A1 /* UISwiftHelloWorldUITests.swift in Sources */ = {isa = PBXBuildFile; fileRef = 539002DE22A8FA4600AC08A1 /* UISwiftHelloWorldUITests.swift */; };
/* End PBXBuildFile section */

/* Begin PBXContainerItemProxy section */
		539002D022A8FA4600AC08A1 /* PBXContainerItemProxy */ = {
			isa = PBXContainerItemProxy;
			containerPortal = 539002B122A8FA4400AC08A1 /* Project object */;
			proxyType = 1;
			remoteGlobalIDString = 539002B822A8FA4400AC08A1;
			remoteInfo = UISwiftHelloWorld;
		};
		539002DB22A8FA4600AC08A1 /* PBXContainerItemProxy */ = {
			isa = PBXContainerItemProxy;
			containerPortal = 539002B122A8FA4400AC08A1 /* Project object */;
			proxyType = 1;
			remoteGlobalIDString = 539002B822A8FA4400AC08A1;
			remoteInfo = UISwiftHelloWorld;
		};
/* End PBXContainerItemProxy section */

/* Begin PBXFileReference section */
		539002B922A8FA4400AC08A1 /* UISwiftHelloWorld.app */ = {isa = PBXFileReference; explicitFileType = wrapper.application; includeInIndex = 0; path = UISwiftHelloWorld.app; sourceTree = BUILT_PRODUCTS_DIR; };
		539002BC22A8FA4400AC08A1 /* AppDelegate.swift */ = {isa = PBXFileReference; lastKnownFileType = sourcecode.swift; path = AppDelegate.swift; sourceTree = "<group>"; };
		539002BE22A8FA4400AC08A1 /* SceneDelegate.swift */ = {isa = PBXFileReference; lastKnownFileType = sourcecode.swift; path = SceneDelegate.swift; sourceTree = "<group>"; };
		539002C022A8FA4400AC08A1 /* ContentView.swift */ = {isa = PBXFileReference; lastKnownFileType = sourcecode.swift; path = ContentView.swift; sourceTree = "<group>"; };
		539002C222A8FA4600AC08A1 /* Assets.xcassets */ = {isa = PBXFileReference; lastKnownFileType = folder.assetcatalog; path = Assets.xcassets; sourceTree = "<group>"; };
		539002C522A8FA4600AC08A1 /* Preview Assets.xcassets */ = {isa = PBXFileReference; lastKnownFileType = folder.assetcatalog; path = "Preview Assets.xcassets"; sourceTree = "<group>"; };
		539002C822A8FA4600AC08A1 /* Base */ = {isa = PBXFileReference; lastKnownFileType = file.storyboard; name = Base; path = Base.lproj/LaunchScreen.storyboard; sourceTree = "<group>"; };
		539002CA22A8FA4600AC08A1 /* Info.plist */ = {isa = PBXFileReference; lastKnownFileType = text.plist.xml; path = Info.plist; sourceTree = "<group>"; };
		539002CF22A8FA4600AC08A1 /* UISwiftHelloWorldTests.xctest */ = {isa = PBXFileReference; explicitFileType = wrapper.cfbundle; includeInIndex = 0; path = UISwiftHelloWorldTests.xctest; sourceTree = BUILT_PRODUCTS_DIR; };
		539002D322A8FA4600AC08A1 /* UISwiftHelloWorldTests.swift */ = {isa = PBXFileReference; lastKnownFileType = sourcecode.swift; path = UISwiftHelloWorldTests.swift; sourceTree = "<group>"; };
		539002D522A8FA4600AC08A1 /* Info.plist */ = {isa = PBXFileReference; lastKnownFileType = text.plist.xml; path = Info.plist; sourceTree = "<group>"; };
		539002DA22A8FA4600AC08A1 /* UISwiftHelloWorldUITests.xctest */ = {isa = PBXFileReference; explicitFileType = wrapper.cfbundle; includeInIndex = 0; path = UISwiftHelloWorldUITests.xctest; sourceTree = BUILT_PRODUCTS_DIR; };
		539002DE22A8FA4600AC08A1 /* UISwiftHelloWorldUITests.swift */ = {isa = PBXFileReference; lastKnownFileType = sourcecode.swift; path = UISwiftHelloWorldUITests.swift; sourceTree = "<group>"; };
		539002E022A8FA4600AC08A1 /* Info.plist */ = {isa = PBXFileReference; lastKnownFileType = text.plist.xml; path = Info.plist; sourceTree = "<group>"; };
/* End PBXFileReference section */

/* Begin PBXFrameworksBuildPhase section */
		539002B622A8FA4400AC08A1 /* Frameworks */ = {
			isa = PBXFrameworksBuildPhase;
			buildActionMask = 2147483647;
			files = (
			);
			runOnlyForDeploymentPostprocessing = 0;
		};
		539002CC22A8FA4600AC08A1 /* Frameworks */ = {
			isa = PBXFrameworksBuildPhase;
			buildActionMask = 2147483647;
			files = (
			);
			runOnlyForDeploymentPostprocessing = 0;
		};
		539002D722A8FA4600AC08A1 /* Frameworks */ = {
			isa = PBXFrameworksBuildPhase;
			buildActionMask = 2147483647;
			files = (
			);
			runOnlyForDeploymentPostprocessing = 0;
		};
/* End PBXFrameworksBuildPhase section */

/* Begin PBXGroup section */
		539002B022A8FA4400AC08A1 = {
			isa = PBXGroup;
			children = (
				539002BB22A8FA4400AC08A1 /* UISwiftHelloWorld */,
				539002D222A8FA4600AC08A1 /* UISwiftHelloWorldTests */,
				539002DD22A8FA4600AC08A1 /* UISwiftHelloWorldUITests */,
				539002BA22A8FA4400AC08A1 /* Products */,
			);
			sourceTree = "<group>";
		};
		539002BA22A8FA4400AC08A1 /* Products */ = {
			isa = PBXGroup;
			children = (
				539002B922A8FA4400AC08A1 /* UISwiftHelloWorld.app */,
				539002CF22A8FA4600AC08A1 /* UISwiftHelloWorldTests.xctest */,
				539002DA22A8FA4600AC08A1 /* UISwiftHelloWorldUITests.xctest */,
			);
			name = Products;
			sourceTree = "<group>";
		};
		539002BB22A8FA4400AC08A1 /* UISwiftHelloWorld */ = {
			isa = PBXGroup;
			children = (
				539002BC22A8FA4400AC08A1 /* AppDelegate.swift */,
				539002BE22A8FA4400AC08A1 /* SceneDelegate.swift */,
				539002C022A8FA4400AC08A1 /* ContentView.swift */,
				539002C222A8FA4600AC08A1 /* Assets.xcassets */,
				539002C722A8FA4600AC08A1 /* LaunchScreen.storyboard */,
				539002CA22A8FA4600AC08A1 /* Info.plist */,
				539002C422A8FA4600AC08A1 /* Preview Content */,
			);
			path = UISwiftHelloWorld;
			sourceTree = "<group>";
		};
		539002C422A8FA4600AC08A1 /* Preview Content */ = {
			isa = PBXGroup;
			children = (
				539002C522A8FA4600AC08A1 /* Preview Assets.xcassets */,
			);
			path = "Preview Content";
			sourceTree = "<group>";
		};
		539002D222A8FA4600AC08A1 /* UISwiftHelloWorldTests */ = {
			isa = PBXGroup;
			children = (
				539002D322A8FA4600AC08A1 /* UISwiftHelloWorldTests.swift */,
				539002D522A8FA4600AC08A1 /* Info.plist */,
			);
			path = UISwiftHelloWorldTests;
			sourceTree = "<group>";
		};
		539002DD22A8FA4600AC08A1 /* UISwiftHelloWorldUITests */ = {
			isa = PBXGroup;
			children = (
				539002DE22A8FA4600AC08A1 /* UISwiftHelloWorldUITests.swift */,
				539002E022A8FA4600AC08A1 /* Info.plist */,
			);
			path = UISwiftHelloWorldUITests;
			sourceTree = "<group>";
		};
/* End PBXGroup section */

/* Begin PBXNativeTarget section */
		539002B822A8FA4400AC08A1 /* UISwiftHelloWorld */ = {
			isa = PBXNativeTarget;
			buildConfigurationList = 539002E322A8FA4600AC08A1 /* Build configuration list for PBXNativeTarget "UISwiftHelloWorld" */;
			buildPhases = (
				539002B522A8FA4400AC08A1 /* Sources */,
				539002B622A8FA4400AC08A1 /* Frameworks */,
				539002B722A8FA4400AC08A1 /* Resources */,
			);
			buildRules = (
			);
			dependencies = (
			);
			name = UISwiftHelloWorld;
			productName = UISwiftHelloWorld;
			productReference = 539002B922A8FA4400AC08A1 /* UISwiftHelloWorld.app */;
			productType = "com.apple.product-type.application";
		};
		539002CE22A8FA4600AC08A1 /* UISwiftHelloWorldTests */ = {
			isa = PBXNativeTarget;
			buildConfigurationList = 539002E622A8FA4600AC08A1 /* Build configuration list for PBXNativeTarget "UISwiftHelloWorldTests" */;
			buildPhases = (
				539002CB22A8FA4600AC08A1 /* Sources */,
				539002CC22A8FA4600AC08A1 /* Frameworks */,
				539002CD22A8FA4600AC08A1 /* Resources */,
			);
			buildRules = (
			);
			dependencies = (
				539002D122A8FA4600AC08A1 /* PBXTargetDependency */,
			);
			name = UISwiftHelloWorldTests;
			productName = UISwiftHelloWorldTests;
			productReference = 539002CF22A8FA4600AC08A1 /* UISwiftHelloWorldTests.xctest */;
			productType = "com.apple.product-type.bundle.unit-test";
		};
		539002D922A8FA4600AC08A1 /* UISwiftHelloWorldUITests */ = {
			isa = PBXNativeTarget;
			buildConfigurationList = 539002E922A8FA4600AC08A1 /* Build configuration list for PBXNativeTarget "UISwiftHelloWorldUITests" */;
			buildPhases = (
				539002D622A8FA4600AC08A1 /* Sources */,
				539002D722A8FA4600AC08A1 /* Frameworks */,
				539002D822A8FA4600AC08A1 /* Resources */,
			);
			buildRules = (
			);
			dependencies = (
				539002DC22A8FA4600AC08A1 /* PBXTargetDependency */,
			);
			name = UISwiftHelloWorldUITests;
			productName = UISwiftHelloWorldUITests;
			productReference = 539002DA22A8FA4600AC08A1 /* UISwiftHelloWorldUITests.xctest */;
			productType = "com.apple.product-type.bundle.ui-testing";
		};
/* End PBXNativeTarget section */

/* Begin PBXProject section */
		539002B122A8FA4400AC08A1 /* Project object */ = {
			isa = PBXProject;
			attributes = {
				LastSwiftUpdateCheck = 1100;
				LastUpgradeCheck = 1100;
				ORGANIZATIONNAME = "Harry Kim";
				TargetAttributes = {
					539002B822A8FA4400AC08A1 = {
						CreatedOnToolsVersion = 11.0;
					};
					539002CE22A8FA4600AC08A1 = {
						CreatedOnToolsVersion = 11.0;
						TestTargetID = 539002B822A8FA4400AC08A1;
					};
					539002D922A8FA4600AC08A1 = {
						CreatedOnToolsVersion = 11.0;
						TestTargetID = 539002B822A8FA4400AC08A1;
					};
				};
			};
			buildConfigurationList = 539002B422A8FA4400AC08A1 /* Build configuration list for PBXProject "UISwiftHelloWorld" */;
			compatibilityVersion = "Xcode 9.3";
			developmentRegion = en;
			hasScannedForEncodings = 0;
			knownRegions = (
				en,
				Base,
			);
			mainGroup = 539002B022A8FA4400AC08A1;
			productRefGroup = 539002BA22A8FA4400AC08A1 /* Products */;
			projectDirPath = "";
			projectRoot = "";
			targets = (
				539002B822A8FA4400AC08A1 /* UISwiftHelloWorld */,
				539002CE22A8FA4600AC08A1 /* UISwiftHelloWorldTests */,
				539002D922A8FA4600AC08A1 /* UISwiftHelloWorldUITests */,
			);
		};
/* End PBXProject section */

/* Begin PBXResourcesBuildPhase section */
		539002B722A8FA4400AC08A1 /* Resources */ = {
			isa = PBXResourcesBuildPhase;
			buildActionMask = 2147483647;
			files = (
				539002C922A8FA4600AC08A1 /* LaunchScreen.storyboard in Resources */,
				539002C622A8FA4600AC08A1 /* Preview Assets.xcassets in Resources */,
				539002C322A8FA4600AC08A1 /* Assets.xcassets in Resources */,
			);
			runOnlyForDeploymentPostprocessing = 0;
		};
		539002CD22A8FA4600AC08A1 /* Resources */ = {
			isa = PBXResourcesBuildPhase;
			buildActionMask = 2147483647;
			files = (
			);
			runOnlyForDeploymentPostprocessing = 0;
		};
		539002D822A8FA4600AC08A1 /* Resources */ = {
			isa = PBXResourcesBuildPhase;
			buildActionMask = 2147483647;
			files = (
			);
			runOnlyForDeploymentPostprocessing = 0;
		};
/* End PBXResourcesBuildPhase section */

/* Begin PBXSourcesBuildPhase section */
		539002B522A8FA4400AC08A1 /* Sources */ = {
			isa = PBXSourcesBuildPhase;
			buildActionMask = 2147483647;
			files = (
				539002BD22A8FA4400AC08A1 /* AppDelegate.swift in Sources */,
				539002BF22A8FA4400AC08A1 /* SceneDelegate.swift in Sources */,
				539002C122A8FA4400AC08A1 /* ContentView.swift in Sources */,
			);
			runOnlyForDeploymentPostprocessing = 0;
		};
		539002CB22A8FA4600AC08A1 /* Sources */ = {
			isa = PBXSourcesBuildPhase;
			buildActionMask = 2147483647;
			files = (
				539002D422A8FA4600AC08A1 /* UISwiftHelloWorldTests.swift in Sources */,
			);
			runOnlyForDeploymentPostprocessing = 0;
		};
		539002D622A8FA4600AC08A1 /* Sources */ = {
			isa = PBXSourcesBuildPhase;
			buildActionMask = 2147483647;
			files = (
				539002DF22A8FA4600AC08A1 /* UISwiftHelloWorldUITests.swift in Sources */,
			);
			runOnlyForDeploymentPostprocessing = 0;
		};
/* End PBXSourcesBuildPhase section */

/* Begin PBXTargetDependency section */
		539002D122A8FA4600AC08A1 /* PBXTargetDependency */ = {
			isa = PBXTargetDependency;
			target = 539002B822A8FA4400AC08A1 /* UISwiftHelloWorld */;
			targetProxy = 539002D022A8FA4600AC08A1 /* PBXContainerItemProxy */;
		};
		539002DC22A8FA4600AC08A1 /* PBXTargetDependency */ = {
			isa = PBXTargetDependency;
			target = 539002B822A8FA4400AC08A1 /* UISwiftHelloWorld */;
			targetProxy = 539002DB22A8FA4600AC08A1 /* PBXContainerItemProxy */;
		};
/* End PBXTargetDependency section */

/* Begin PBXVariantGroup section */
		539002C722A8FA4600AC08A1 /* LaunchScreen.storyboard */ = {
			isa = PBXVariantGroup;
			children = (
				539002C822A8FA4600AC08A1 /* Base */,
			);
			name = LaunchScreen.storyboard;
			sourceTree = "<group>";
		};
/* End PBXVariantGroup section */

/* Begin XCBuildConfiguration section */
		539002E122A8FA4600AC08A1 /* Debug */ = {
			isa = XCBuildConfiguration;
			buildSettings = {
				ALWAYS_SEARCH_USER_PATHS = NO;
				CLANG_ANALYZER_NONNULL = YES;
				CLANG_ANALYZER_NUMBER_OBJECT_CONVERSION = YES_AGGRESSIVE;
				CLANG_CXX_LANGUAGE_STANDARD = "gnu++14";
				CLANG_CXX_LIBRARY = "libc++";
				CLANG_ENABLE_MODULES = YES;
				CLANG_ENABLE_OBJC_ARC = YES;
				CLANG_ENABLE_OBJC_WEAK = YES;
				CLANG_WARN_BLOCK_CAPTURE_AUTORELEASING = YES;
				CLANG_WARN_BOOL_CONVERSION = YES;
				CLANG_WARN_COMMA = YES;
				CLANG_WARN_CONSTANT_CONVERSION = YES;
				CLANG_WARN_DEPRECATED_OBJC_IMPLEMENTATIONS = YES;
				CLANG_WARN_DIRECT_OBJC_ISA_USAGE = YES_ERROR;
				CLANG_WARN_DOCUMENTATION_COMMENTS = YES;
				CLANG_WARN_EMPTY_BODY = YES;
				CLANG_WARN_ENUM_CONVERSION = YES;
				CLANG_WARN_INFINITE_RECURSION = YES;
				CLANG_WARN_INT_CONVERSION = YES;
				CLANG_WARN_NON_LITERAL_NULL_CONVERSION = YES;
				CLANG_WARN_OBJC_IMPLICIT_RETAIN_SELF = YES;
				CLANG_WARN_OBJC_LITERAL_CONVERSION = YES;
				CLANG_WARN_OBJC_ROOT_CLASS = YES_ERROR;
				CLANG_WARN_RANGE_LOOP_ANALYSIS = YES;
				CLANG_WARN_STRICT_PROTOTYPES = YES;
				CLANG_WARN_SUSPICIOUS_MOVE = YES;
				CLANG_WARN_UNGUARDED_AVAILABILITY = YES_AGGRESSIVE;
				CLANG_WARN_UNREACHABLE_CODE = YES;
				CLANG_WARN__DUPLICATE_METHOD_MATCH = YES;
				COPY_PHASE_STRIP = NO;
				DEBUG_INFORMATION_FORMAT = dwarf;
				ENABLE_STRICT_OBJC_MSGSEND = YES;
				ENABLE_TESTABILITY = YES;
				GCC_C_LANGUAGE_STANDARD = gnu11;
				GCC_DYNAMIC_NO_PIC = NO;
				GCC_NO_COMMON_BLOCKS = YES;
				GCC_OPTIMIZATION_LEVEL = 0;
				GCC_PREPROCESSOR_DEFINITIONS = (
					"DEBUG=1",
					"$(inherited)",
				);
				GCC_WARN_64_TO_32_BIT_CONVERSION = YES;
				GCC_WARN_ABOUT_RETURN_TYPE = YES_ERROR;
				GCC_WARN_UNDECLARED_SELECTOR = YES;
				GCC_WARN_UNINITIALIZED_AUTOS = YES_AGGRESSIVE;
				GCC_WARN_UNUSED_FUNCTION = YES;
				GCC_WARN_UNUSED_VARIABLE = YES;
				IPHONEOS_DEPLOYMENT_TARGET = 13.0;
				MTL_ENABLE_DEBUG_INFO = INCLUDE_SOURCE;
				MTL_FAST_MATH = YES;
				ONLY_ACTIVE_ARCH = YES;
				SDKROOT = iphoneos;
				SWIFT_ACTIVE_COMPILATION_CONDITIONS = DEBUG;
				SWIFT_OPTIMIZATION_LEVEL = "-Onone";
			};
			name = Debug;
		};
		539002E222A8FA4600AC08A1 /* Release */ = {
			isa = XCBuildConfiguration;
			buildSettings = {
				ALWAYS_SEARCH_USER_PATHS = NO;
				CLANG_ANALYZER_NONNULL = YES;
				CLANG_ANALYZER_NUMBER_OBJECT_CONVERSION = YES_AGGRESSIVE;
				CLANG_CXX_LANGUAGE_STANDARD = "gnu++14";
				CLANG_CXX_LIBRARY = "libc++";
				CLANG_ENABLE_MODULES = YES;
				CLANG_ENABLE_OBJC_ARC = YES;
				CLANG_ENABLE_OBJC_WEAK = YES;
				CLANG_WARN_BLOCK_CAPTURE_AUTORELEASING = YES;
				CLANG_WARN_BOOL_CONVERSION = YES;
				CLANG_WARN_COMMA = YES;
				CLANG_WARN_CONSTANT_CONVERSION = YES;
				CLANG_WARN_DEPRECATED_OBJC_IMPLEMENTATIONS = YES;
				CLANG_WARN_DIRECT_OBJC_ISA_USAGE = YES_ERROR;
				CLANG_WARN_DOCUMENTATION_COMMENTS = YES;
				CLANG_WARN_EMPTY_BODY = YES;
				CLANG_WARN_ENUM_CONVERSION = YES;
				CLANG_WARN_INFINITE_RECURSION = YES;
				CLANG_WARN_INT_CONVERSION = YES;
				CLANG_WARN_NON_LITERAL_NULL_CONVERSION = YES;
				CLANG_WARN_OBJC_IMPLICIT_RETAIN_SELF = YES;
				CLANG_WARN_OBJC_LITERAL_CONVERSION = YES;
				CLANG_WARN_OBJC_ROOT_CLASS = YES_ERROR;
				CLANG_WARN_RANGE_LOOP_ANALYSIS = YES;
				CLANG_WARN_STRICT_PROTOTYPES = YES;
				CLANG_WARN_SUSPICIOUS_MOVE = YES;
				CLANG_WARN_UNGUARDED_AVAILABILITY = YES_AGGRESSIVE;
				CLANG_WARN_UNREACHABLE_CODE = YES;
				CLANG_WARN__DUPLICATE_METHOD_MATCH = YES;
				COPY_PHASE_STRIP = NO;
				DEBUG_INFORMATION_FORMAT = "dwarf-with-dsym";
				ENABLE_NS_ASSERTIONS = NO;
				ENABLE_STRICT_OBJC_MSGSEND = YES;
				GCC_C_LANGUAGE_STANDARD = gnu11;
				GCC_NO_COMMON_BLOCKS = YES;
				GCC_WARN_64_TO_32_BIT_CONVERSION = YES;
				GCC_WARN_ABOUT_RETURN_TYPE = YES_ERROR;
				GCC_WARN_UNDECLARED_SELECTOR = YES;
				GCC_WARN_UNINITIALIZED_AUTOS = YES_AGGRESSIVE;
				GCC_WARN_UNUSED_FUNCTION = YES;
				GCC_WARN_UNUSED_VARIABLE = YES;
				IPHONEOS_DEPLOYMENT_TARGET = 13.0;
				MTL_ENABLE_DEBUG_INFO = NO;
				MTL_FAST_MATH = YES;
				SDKROOT = iphoneos;
				SWIFT_COMPILATION_MODE = wholemodule;
				SWIFT_OPTIMIZATION_LEVEL = "-O";
				VALIDATE_PRODUCT = YES;
			};
			name = Release;
		};
		539002E422A8FA4600AC08A1 /* Debug */ = {
			isa = XCBuildConfiguration;
			buildSettings = {
				ASSETCATALOG_COMPILER_APPICON_NAME = AppIcon;
				CODE_SIGN_STYLE = Automatic;
				DEVELOPMENT_ASSET_PATHS = "UISwiftHelloWorld/Preview\\ Content";
				DEVELOPMENT_TEAM = 5KL368DK64;
				ENABLE_PREVIEWS = YES;
				INFOPLIST_FILE = UISwiftHelloWorld/Info.plist;
				LD_RUNPATH_SEARCH_PATHS = (
					"$(inherited)",
					"@executable_path/Frameworks",
				);
				PRODUCT_BUNDLE_IDENTIFIER = com.unicornstory.UISwiftHelloWorld;
				PRODUCT_NAME = "$(TARGET_NAME)";
				SWIFT_VERSION = 5.0;
				TARGETED_DEVICE_FAMILY = "1,2";
			};
			name = Debug;
		};
		539002E522A8FA4600AC08A1 /* Release */ = {
			isa = XCBuildConfiguration;
			buildSettings = {
				ASSETCATALOG_COMPILER_APPICON_NAME = AppIcon;
				CODE_SIGN_STYLE = Automatic;
				DEVELOPMENT_ASSET_PATHS = "UISwiftHelloWorld/Preview\\ Content";
				DEVELOPMENT_TEAM = 5KL368DK64;
				ENABLE_PREVIEWS = YES;
				INFOPLIST_FILE = UISwiftHelloWorld/Info.plist;
				LD_RUNPATH_SEARCH_PATHS = (
					"$(inherited)",
					"@executable_path/Frameworks",
				);
				PRODUCT_BUNDLE_IDENTIFIER = com.unicornstory.UISwiftHelloWorld;
				PRODUCT_NAME = "$(TARGET_NAME)";
				SWIFT_VERSION = 5.0;
				TARGETED_DEVICE_FAMILY = "1,2";
			};
			name = Release;
		};
		539002E722A8FA4600AC08A1 /* Debug */ = {
			isa = XCBuildConfiguration;
			buildSettings = {
				ALWAYS_EMBED_SWIFT_STANDARD_LIBRARIES = YES;
				BUNDLE_LOADER = "$(TEST_HOST)";
				CODE_SIGN_STYLE = Automatic;
				DEVELOPMENT_TEAM = 5KL368DK64;
				INFOPLIST_FILE = UISwiftHelloWorldTests/Info.plist;
				LD_RUNPATH_SEARCH_PATHS = (
					"$(inherited)",
					"@executable_path/Frameworks",
					"@loader_path/Frameworks",
				);
				PRODUCT_BUNDLE_IDENTIFIER = com.unicornstory.UISwiftHelloWorldTests;
				PRODUCT_NAME = "$(TARGET_NAME)";
				SWIFT_VERSION = 5.0;
				TARGETED_DEVICE_FAMILY = "1,2";
				TEST_HOST = "$(BUILT_PRODUCTS_DIR)/UISwiftHelloWorld.app/UISwiftHelloWorld";
			};
			name = Debug;
		};
		539002E822A8FA4600AC08A1 /* Release */ = {
			isa = XCBuildConfiguration;
			buildSettings = {
				ALWAYS_EMBED_SWIFT_STANDARD_LIBRARIES = YES;
				BUNDLE_LOADER = "$(TEST_HOST)";
				CODE_SIGN_STYLE = Automatic;
				DEVELOPMENT_TEAM = 5KL368DK64;
				INFOPLIST_FILE = UISwiftHelloWorldTests/Info.plist;
				LD_RUNPATH_SEARCH_PATHS = (
					"$(inherited)",
					"@executable_path/Frameworks",
					"@loader_path/Frameworks",
				);
				PRODUCT_BUNDLE_IDENTIFIER = com.unicornstory.UISwiftHelloWorldTests;
				PRODUCT_NAME = "$(TARGET_NAME)";
				SWIFT_VERSION = 5.0;
				TARGETED_DEVICE_FAMILY = "1,2";
				TEST_HOST = "$(BUILT_PRODUCTS_DIR)/UISwiftHelloWorld.app/UISwiftHelloWorld";
			};
			name = Release;
		};
		539002EA22A8FA4600AC08A1 /* Debug */ = {
			isa = XCBuildConfiguration;
			buildSettings = {
				ALWAYS_EMBED_SWIFT_STANDARD_LIBRARIES = YES;
				CODE_SIGN_STYLE = Automatic;
				DEVELOPMENT_TEAM = 5KL368DK64;
				INFOPLIST_FILE = UISwiftHelloWorldUITests/Info.plist;
				LD_RUNPATH_SEARCH_PATHS = (
					"$(inherited)",
					"@executable_path/Frameworks",
					"@loader_path/Frameworks",
				);
				PRODUCT_BUNDLE_IDENTIFIER = com.unicornstory.UISwiftHelloWorldUITests;
				PRODUCT_NAME = "$(TARGET_NAME)";
				SWIFT_VERSION = 5.0;
				TARGETED_DEVICE_FAMILY = "1,2";
				TEST_TARGET_NAME = UISwiftHelloWorld;
			};
			name = Debug;
		};
		539002EB22A8FA4600AC08A1 /* Release */ = {
			isa = XCBuildConfiguration;
			buildSettings = {
				ALWAYS_EMBED_SWIFT_STANDARD_LIBRARIES = YES;
				CODE_SIGN_STYLE = Automatic;
				DEVELOPMENT_TEAM = 5KL368DK64;
				INFOPLIST_FILE = UISwiftHelloWorldUITests/Info.plist;
				LD_RUNPATH_SEARCH_PATHS = (
					"$(inherited)",
					"@executable_path/Frameworks",
					"@loader_path/Frameworks",
				);
				PRODUCT_BUNDLE_IDENTIFIER = com.unicornstory.UISwiftHelloWorldUITests;
				PRODUCT_NAME = "$(TARGET_NAME)";
				SWIFT_VERSION = 5.0;
				TARGETED_DEVICE_FAMILY = "1,2";
				TEST_TARGET_NAME = UISwiftHelloWorld;
			};
			name = Release;
		};
/* End XCBuildConfiguration section */

/* Begin XCConfigurationList section */
		539002B422A8FA4400AC08A1 /* Build configuration list for PBXProject "UISwiftHelloWorld" */ = {
			isa = XCConfigurationList;
			buildConfigurations = (
				539002E122A8FA4600AC08A1 /* Debug */,
				539002E222A8FA4600AC08A1 /* Release */,
			);
			defaultConfigurationIsVisible = 0;
			defaultConfigurationName = Release;
		};
		539002E322A8FA4600AC08A1 /* Build configuration list for PBXNativeTarget "UISwiftHelloWorld" */ = {
			isa = XCConfigurationList;
			buildConfigurations = (
				539002E422A8FA4600AC08A1 /* Debug */,
				539002E522A8FA4600AC08A1 /* Release */,
			);
			defaultConfigurationIsVisible = 0;
			defaultConfigurationName = Release;
		};
		539002E622A8FA4600AC08A1 /* Build configuration list for PBXNativeTarget "UISwiftHelloWorldTests" */ = {
			isa = XCConfigurationList;
			buildConfigurations = (
				539002E722A8FA4600AC08A1 /* Debug */,
				539002E822A8FA4600AC08A1 /* Release */,
			);
			defaultConfigurationIsVisible = 0;
			defaultConfigurationName = Release;
		};
		539002E922A8FA4600AC08A1 /* Build configuration list for PBXNativeTarget "UISwiftHelloWorldUITests" */ = {
			isa = XCConfigurationList;
			buildConfigurations = (
				539002EA22A8FA4600AC08A1 /* Debug */,
				539002EB22A8FA4600AC08A1 /* Release */,
			);
			defaultConfigurationIsVisible = 0;
			defaultConfigurationName = Release;
		};
/* End XCConfigurationList section */
	};
	rootObject = 539002B122A8FA4400AC08A1 /* Project object */;
}
